{
    "_readme": [
        "This file locks the dependencies of your project to a known state",
        "Read more about it at https://getcomposer.org/doc/01-basic-usage.md#installing-dependencies",
        "This file is @generated automatically"
    ],
    "content-hash": "8c8e5c77477e5f4dafa8cfcab3be3097",
    "packages": [
        {
            "name": "myclabs/php-enum",
            "version": "1.8.0",
            "source": {
                "type": "git",
                "url": "https://github.com/myclabs/php-enum.git",
                "reference": "46cf3d8498b095bd33727b13fd5707263af99421"
            },
            "dist": {
                "type": "zip",
                "url": "https://api.github.com/repos/myclabs/php-enum/zipball/46cf3d8498b095bd33727b13fd5707263af99421",
                "reference": "46cf3d8498b095bd33727b13fd5707263af99421",
                "shasum": ""
            },
            "require": {
                "ext-json": "*",
                "php": "^7.3 || ^8.0"
            },
            "require-dev": {
                "phpunit/phpunit": "^9.5",
                "squizlabs/php_codesniffer": "1.*",
                "vimeo/psalm": "^4.5.1"
            },
            "type": "library",
            "autoload": {
                "psr-4": {
                    "MyCLabs\\Enum\\": "src/"
                }
            },
            "notification-url": "https://packagist.org/downloads/",
            "license": [
                "MIT"
            ],
            "authors": [
                {
                    "name": "PHP Enum contributors",
                    "homepage": "https://github.com/myclabs/php-enum/graphs/contributors"
                }
            ],
            "description": "PHP Enum implementation",
            "homepage": "http://github.com/myclabs/php-enum",
            "keywords": [
                "enum"
            ],
            "support": {
                "issues": "https://github.com/myclabs/php-enum/issues",
                "source": "https://github.com/myclabs/php-enum/tree/1.8.0"
            },
            "funding": [
                {
                    "url": "https://github.com/mnapoli",
                    "type": "github"
                },
                {
                    "url": "https://tidelift.com/funding/github/packagist/myclabs/php-enum",
                    "type": "tidelift"
                }
            ],
            "time": "2021-02-15T16:11:48+00:00"
        },
        {
            "name": "zheltikov/php-invariant",
            "version": "1.0.0",
            "source": {
                "type": "git",
                "url": "https://github.com/zheltikov/php-invariant.git",
                "reference": "1013020ee2babbcdfbb8742ab3033a6105888612"
            },
            "dist": {
                "type": "zip",
                "url": "https://api.github.com/repos/zheltikov/php-invariant/zipball/1013020ee2babbcdfbb8742ab3033a6105888612",
                "reference": "1013020ee2babbcdfbb8742ab3033a6105888612",
                "shasum": ""
            },
            "require": {
                "php": "^7.4"
            },
            "require-dev": {
                "nazar-pc/phpt-tests-runner": "^1.4"
            },
            "type": "library",
            "autoload": {
                "psr-4": {
                    "Zheltikov\\Invariant\\": "src/"
                },
                "files": [
                    "src/functions.php"
                ]
            },
            "notification-url": "https://packagist.org/downloads/",
            "license": [
                "MIT"
            ],
            "authors": [
                {
                    "name": "Max Zheltikov",
                    "homepage": "https://github.com/zheltikov"
                }
            ],
            "support": {
                "issues": "https://github.com/zheltikov/php-invariant/issues",
                "source": "https://github.com/zheltikov/php-invariant/tree/1.0.0"
            },
            "time": "2021-07-09T18:11:44+00:00"
        },
        {
            "name": "zheltikov/php-memoize",
            "version": "1.1.0",
            "source": {
                "type": "git",
                "url": "https://github.com/zheltikov/php-memoize.git",
                "reference": "22726c83243fc6b8b751adf96573c209e9c603aa"
            },
            "dist": {
                "type": "zip",
                "url": "https://api.github.com/repos/zheltikov/php-memoize/zipball/22726c83243fc6b8b751adf96573c209e9c603aa",
                "reference": "22726c83243fc6b8b751adf96573c209e9c603aa",
                "shasum": ""
            },
            "require": {
                "php": "^7.4",
                "zheltikov/php-invariant": "^1.0"
            },
            "require-dev": {
                "nazar-pc/phpt-tests-runner": "^1.4"
            },
            "type": "library",
            "autoload": {
                "psr-4": {
                    "Zheltikov\\Memoize\\": "src/"
                },
                "files": [
                    "src/functions.php"
                ]
            },
            "notification-url": "https://packagist.org/downloads/",
            "license": [
                "MIT"
            ],
            "authors": [
                {
                    "name": "Max Zheltikov",
                    "homepage": "https://github.com/zheltikov"
                }
            ],
            "support": {
                "issues": "https://github.com/zheltikov/php-memoize/issues",
                "source": "https://github.com/zheltikov/php-memoize/tree/1.1.0"
            },
            "time": "2021-07-09T19:08:22+00:00"
        }
    ],
    "packages-dev": [],
    "aliases": [],
    "minimum-stability": "stable",
    "stability-flags": [],
    "prefer-stable": false,
    "prefer-lowest": false,
    "platform": {
        "php": "^7.3"
    },
    "platform-dev": [],
    "plugin-api-version": "2.1.0"
}
